{
  "version": 4,
  "terraform_version": "1.5.5",
  "serial": 6,
  "lineage": "8029a0fb-4e3d-9f66-dce6-203afae37296",
  "outputs": {},
  "resources": [
    {
      "mode": "managed",
      "type": "databricks_job",
      "name": "mesh_solver_load",
      "provider": "provider[\"registry.terraform.io/databricks/databricks\"]",
      "instances": [
        {
          "schema_version": 2,
          "attributes": {
            "always_running": false,
            "budget_policy_id": null,
            "continuous": [],
            "control_run_state": false,
            "dbt_task": [],
            "deployment": [
              {
                "kind": "BUNDLE",
                "metadata_file_path": "/Workspace/production/prod/mesh_solver/state/metadata.json"
              }
            ],
            "description": "Mesh Solver Replacement - Channel optimization KPI processing",
            "edit_mode": "UI_LOCKED",
            "email_notifications": [
              {
                "no_alert_for_skipped_runs": false,
                "on_duration_warning_threshold_exceeded": [],
                "on_failure": [
                  "Lolita_Pike2@comcast.com"
                ],
                "on_start": [],
                "on_streaming_backlog_exceeded": [],
                "on_success": []
              }
            ],
            "environment": [
              {
                "environment_key": "clean_staging_env",
                "spec": [
                  {
                    "base_environment": "",
                    "client": "1",
                    "dependencies": [
                      "/Workspace/production/prod/clean_staging_tables/artifacts/.internal/clean_staging_tables-0.2.0-py3-none-any.whl"
                    ],
                    "environment_version": "",
                    "java_dependencies": []
                  }
                ]
              },
              {
                "environment_key": "generate_filter_env",
                "spec": [
                  {
                    "base_environment": "",
                    "client": "1",
                    "dependencies": [
                      "/Workspace/production/prod/generate_ui_filters/artifacts/.internal/generate_filter-0.1.0-py3-none-any.whl"
                    ],
                    "environment_version": "",
                    "java_dependencies": []
                  }
                ]
              },
              {
                "environment_key": "solver_env",
                "spec": [
                  {
                    "base_environment": "",
                    "client": "1",
                    "dependencies": [
                      "/Workspace/production/prod/mesh_solver/artifacts/.internal/solver_replacement-0.1.0-py3-none-any.whl"
                    ],
                    "environment_version": "",
                    "java_dependencies": []
                  }
                ]
              }
            ],
            "existing_cluster_id": null,
            "format": "MULTI_TASK",
            "git_source": [],
            "health": [],
            "id": "159846560607192",
            "job_cluster": [],
            "library": [],
            "max_concurrent_runs": 1,
            "max_retries": 0,
            "min_retry_interval_millis": 0,
            "name": "mesh_solver_load",
            "new_cluster": [],
            "notebook_task": [],
            "notification_settings": [],
            "parameter": [],
            "performance_target": null,
            "pipeline_task": [],
            "provider_config": [
              {
                "workspace_id": "2429761581113452"
              }
            ],
            "python_wheel_task": [],
            "queue": [
              {
                "enabled": true
              }
            ],
            "retry_on_timeout": false,
            "run_as": [
              {
                "group_name": "",
                "service_principal_name": "aa7549ba-85a3-449d-b06c-cb0f1013d3ee",
                "user_name": ""
              }
            ],
            "run_job_task": [],
            "schedule": [
              {
                "pause_status": "UNPAUSED",
                "quartz_cron_expression": "0 0 */12 * * ? *",
                "timezone_id": "America/New_York"
              }
            ],
            "spark_jar_task": [],
            "spark_python_task": [],
            "spark_submit_task": [],
            "tags": null,
            "task": [
              {
                "alert_task": [],
                "clean_rooms_notebook_task": [],
                "compute": [],
                "condition_task": [],
                "dashboard_task": [],
                "dbt_cloud_task": [],
                "dbt_platform_task": [],
                "dbt_task": [],
                "depends_on": [
                  {
                    "outcome": "",
                    "task_key": "mesh_solver_run"
                  }
                ],
                "description": "",
                "disable_auto_optimization": false,
                "disabled": false,
                "email_notifications": [
                  {
                    "no_alert_for_skipped_runs": false,
                    "on_duration_warning_threshold_exceeded": [],
                    "on_failure": [],
                    "on_start": [],
                    "on_streaming_backlog_exceeded": [],
                    "on_success": []
                  }
                ],
                "environment_key": "clean_staging_env",
                "existing_cluster_id": "",
                "for_each_task": [],
                "gen_ai_compute_task": [],
                "health": [],
                "job_cluster_key": "",
                "library": [],
                "max_retries": 0,
                "min_retry_interval_millis": 0,
                "new_cluster": [],
                "notebook_task": [],
                "notification_settings": [],
                "pipeline_task": [],
                "power_bi_task": [],
                "python_wheel_task": [
                  {
                    "entry_point": "main",
                    "named_parameters": {},
                    "package_name": "clean_staging_tables",
                    "parameters": [
                      "--environment_name=hive_metastore",
                      "--tablelist=mesh_location_optimize_solver_response:7",
                      "--targetschema=dct"
                    ]
                  }
                ],
                "retry_on_timeout": false,
                "run_if": "ALL_SUCCESS",
                "run_job_task": [],
                "spark_jar_task": [],
                "spark_python_task": [],
                "spark_submit_task": [],
                "sql_task": [],
                "task_key": "clean_staging_tables",
                "timeout_seconds": 0,
                "webhook_notifications": []
              },
              {
                "alert_task": [],
                "clean_rooms_notebook_task": [],
                "compute": [],
                "condition_task": [],
                "dashboard_task": [],
                "dbt_cloud_task": [],
                "dbt_platform_task": [],
                "dbt_task": [],
                "depends_on": [
                  {
                    "outcome": "",
                    "task_key": "mesh_solver_run"
                  }
                ],
                "description": "",
                "disable_auto_optimization": false,
                "disabled": false,
                "email_notifications": [
                  {
                    "no_alert_for_skipped_runs": false,
                    "on_duration_warning_threshold_exceeded": [],
                    "on_failure": [],
                    "on_start": [],
                    "on_streaming_backlog_exceeded": [],
                    "on_success": []
                  }
                ],
                "environment_key": "generate_filter_env",
                "existing_cluster_id": "",
                "for_each_task": [],
                "gen_ai_compute_task": [],
                "health": [],
                "job_cluster_key": "",
                "library": [],
                "max_retries": 0,
                "min_retry_interval_millis": 0,
                "new_cluster": [],
                "notebook_task": [],
                "notification_settings": [],
                "pipeline_task": [],
                "power_bi_task": [],
                "python_wheel_task": [
                  {
                    "entry_point": "main",
                    "named_parameters": {},
                    "package_name": "generate_filter",
                    "parameters": [
                      "--environment_name=dap_prod",
                      "--schema_name=mesh_wifi",
                      "--coretable=mesh_solver_replacement_core_summary",
                      "--selectiontable=mesh_solver_replacement_selections",
                      "--filtertable=mesh_solver_replacement_kpi_filters",
                      "--filterlist=gateway_model,extender_model,node_count,optimizationtype,partnerid,dfsstate,Regulatory_domain,trigger_type,device_firmware_version,app_version,solver_version,bhtype,status"
                    ]
                  }
                ],
                "retry_on_timeout": false,
                "run_if": "ALL_SUCCESS",
                "run_job_task": [],
                "spark_jar_task": [],
                "spark_python_task": [],
                "spark_submit_task": [],
                "sql_task": [],
                "task_key": "generate_ui_filters",
                "timeout_seconds": 0,
                "webhook_notifications": []
              },
              {
                "alert_task": [],
                "clean_rooms_notebook_task": [],
                "compute": [],
                "condition_task": [],
                "dashboard_task": [],
                "dbt_cloud_task": [],
                "dbt_platform_task": [],
                "dbt_task": [],
                "depends_on": [
                  {
                    "outcome": "",
                    "task_key": "solver_load"
                  }
                ],
                "description": "",
                "disable_auto_optimization": false,
                "disabled": false,
                "email_notifications": [
                  {
                    "no_alert_for_skipped_runs": false,
                    "on_duration_warning_threshold_exceeded": [],
                    "on_failure": [],
                    "on_start": [],
                    "on_streaming_backlog_exceeded": [],
                    "on_success": []
                  }
                ],
                "environment_key": "solver_env",
                "existing_cluster_id": "",
                "for_each_task": [],
                "gen_ai_compute_task": [],
                "health": [],
                "job_cluster_key": "",
                "library": [],
                "max_retries": 0,
                "min_retry_interval_millis": 0,
                "new_cluster": [],
                "notebook_task": [],
                "notification_settings": [],
                "pipeline_task": [],
                "power_bi_task": [],
                "python_wheel_task": [
                  {
                    "entry_point": "main",
                    "named_parameters": {},
                    "package_name": "solver_replacement",
                    "parameters": [
                      "--environment_name=dap_prod"
                    ]
                  }
                ],
                "retry_on_timeout": false,
                "run_if": "ALL_SUCCESS",
                "run_job_task": [],
                "spark_jar_task": [],
                "spark_python_task": [],
                "spark_submit_task": [],
                "sql_task": [],
                "task_key": "mesh_solver_run",
                "timeout_seconds": 0,
                "webhook_notifications": []
              },
              {
                "alert_task": [],
                "clean_rooms_notebook_task": [],
                "compute": [],
                "condition_task": [],
                "dashboard_task": [],
                "dbt_cloud_task": [],
                "dbt_platform_task": [],
                "dbt_task": [],
                "depends_on": [],
                "description": "",
                "disable_auto_optimization": false,
                "disabled": false,
                "email_notifications": [
                  {
                    "no_alert_for_skipped_runs": false,
                    "on_duration_warning_threshold_exceeded": [],
                    "on_failure": [],
                    "on_start": [],
                    "on_streaming_backlog_exceeded": [],
                    "on_success": []
                  }
                ],
                "environment_key": "",
                "existing_cluster_id": "",
                "for_each_task": [],
                "gen_ai_compute_task": [],
                "health": [],
                "job_cluster_key": "",
                "library": [],
                "max_retries": 0,
                "min_retry_interval_millis": 0,
                "new_cluster": [],
                "notebook_task": [],
                "notification_settings": [],
                "pipeline_task": [],
                "power_bi_task": [],
                "python_wheel_task": [],
                "retry_on_timeout": false,
                "run_if": "ALL_SUCCESS",
                "run_job_task": [
                  {
                    "dbt_commands": [],
                    "jar_params": [],
                    "job_id": 992256875029393,
                    "job_parameters": {},
                    "notebook_params": {},
                    "pipeline_params": [],
                    "python_named_params": {},
                    "python_params": [],
                    "spark_submit_params": [],
                    "sql_params": {}
                  }
                ],
                "spark_jar_task": [],
                "spark_python_task": [],
                "spark_submit_task": [],
                "sql_task": [],
                "task_key": "solver_load",
                "timeout_seconds": 0,
                "webhook_notifications": []
              }
            ],
            "timeout_seconds": 0,
            "timeouts": null,
            "trigger": [],
            "url": "https://comcast-pde.cloud.databricks.com/#job/159846560607192",
            "usage_policy_id": null,
            "webhook_notifications": [
              {
                "on_duration_warning_threshold_exceeded": [],
                "on_failure": [],
                "on_start": [],
                "on_streaming_backlog_exceeded": [],
                "on_success": []
              }
            ]
          },
          "sensitive_attributes": [],
          "private": "eyJlMmJmYjczMC1lY2FhLTExZTYtOGY4OC0zNDM2M2JjN2M0YzAiOnsiY3JlYXRlIjoxODAwMDAwMDAwMDAwLCJ1cGRhdGUiOjE4MDAwMDAwMDAwMDB9LCJzY2hlbWFfdmVyc2lvbiI6IjIifQ=="
        }
      ]
    },
    {
      "mode": "managed",
      "type": "databricks_permissions",
      "name": "job_mesh_solver_load",
      "provider": "provider[\"registry.terraform.io/databricks/databricks\"]",
      "instances": [
        {
          "schema_version": 0,
          "attributes": {
            "access_control": [
              {
                "group_name": "",
                "permission_level": "CAN_MANAGE",
                "service_principal_name": "",
                "user_name": "Lolita_Pike2@comcast.com"
              },
              {
                "group_name": "",
                "permission_level": "IS_OWNER",
                "service_principal_name": "aa7549ba-85a3-449d-b06c-cb0f1013d3ee",
                "user_name": ""
              },
              {
                "group_name": "users",
                "permission_level": "CAN_VIEW",
                "service_principal_name": null,
                "user_name": null
              }
            ],
            "alert_v2_id": null,
            "app_name": null,
            "authorization": null,
            "cluster_id": null,
            "cluster_policy_id": null,
            "dashboard_id": null,
            "database_instance_name": null,
            "database_project_name": null,
            "directory_id": null,
            "directory_path": null,
            "experiment_id": null,
            "id": "/jobs/159846560607192",
            "instance_pool_id": null,
            "job_id": "159846560607192",
            "notebook_id": null,
            "notebook_path": null,
            "object_type": "job",
            "pipeline_id": null,
            "provider_config": [
              {
                "workspace_id": "2429761581113452"
              }
            ],
            "registered_model_id": null,
            "repo_id": null,
            "repo_path": null,
            "serving_endpoint_id": null,
            "sql_alert_id": null,
            "sql_dashboard_id": null,
            "sql_endpoint_id": null,
            "sql_query_id": null,
            "vector_search_endpoint_id": null,
            "workspace_file_id": null,
            "workspace_file_path": null
          },
          "sensitive_attributes": [],
          "private": "bnVsbA==",
          "dependencies": [
            "databricks_job.mesh_solver_load"
          ]
        }
      ]
    }
  ],
  "check_results": null
}
